
Microsoft Visual Studio Solution File, Format Version 12.00
# Visual Studio Version 17
VisualStudioVersion = 17.1.32407.343
MinimumVisualStudioVersion = 10.0.40219.1
Project("{9A19103F-16F7-4668-BE54-9A1E7A4F7556}") = "WasteTracker.Core.Common", "WasteTracker.Core.Common\WasteTracker.Core.Common.csproj", "{5D6EF82E-76AD-4858-8BD2-A6F7DE276462}"
EndProject
Global
	GlobalSection(SolutionConfigurationPlatforms) = preSolution
		Debug|Any CPU = Debug|Any CPU
		Release|Any CPU = Release|Any CPU
	EndGlobalSection
	GlobalSection(ProjectConfigurationPlatforms) = postSolution
		{5D6EF82E-76AD-4858-8BD2-A6F7DE276462}.Debug|Any CPU.ActiveCfg = Debug|Any CPU
		{5D6EF82E-76AD-4858-8BD2-A6F7DE276462}.Debug|Any CPU.Build.0 = Debug|Any CPU
		{5D6EF82E-76AD-4858-8BD2-A6F7DE276462}.Release|Any CPU.ActiveCfg = Release|Any CPU
		{5D6EF82E-76AD-4858-8BD2-A6F7DE276462}.Release|Any CPU.Build.0 = Release|Any CPU
	EndGlobalSection
	GlobalSection(SolutionProperties) = preSolution
		HideSolutionNode = FALSE
	EndGlobalSection
	GlobalSection(ExtensibilityGlobals) = postSolution
		SolutionGuid = {AEAE69AC-38DA-4598-9336-5435FC27D57E}
	EndGlobalSection
EndGlobal
